// !$*UTF8*$!
{
	archiveVersion = 1;
	classes = {
	};
	objectVersion = 46;
	objects = {

/* Begin PBXBuildFile section */
		330764A117FF028A00AE0A59 /* Foundation.framework in Frameworks */ = {isa = PBXBuildFile; fileRef = 330764A017FF028A00AE0A59 /* Foundation.framework */; };
		330764A617FF028A00AE0A59 /* TBMultipartyProtocolManager.h in CopyFiles */ = {isa = PBXBuildFile; fileRef = 330764A517FF028A00AE0A59 /* TBMultipartyProtocolManager.h */; };
		330764A817FF028A00AE0A59 /* TBMultipartyProtocolManager.m in Sources */ = {isa = PBXBuildFile; fileRef = 330764A717FF028A00AE0A59 /* TBMultipartyProtocolManager.m */; };
		330764AF17FF028A00AE0A59 /* XCTest.framework in Frameworks */ = {isa = PBXBuildFile; fileRef = 330764AE17FF028A00AE0A59 /* XCTest.framework */; };
		330764B017FF028A00AE0A59 /* Foundation.framework in Frameworks */ = {isa = PBXBuildFile; fileRef = 330764A017FF028A00AE0A59 /* Foundation.framework */; };
		330764B217FF028A00AE0A59 /* UIKit.framework in Frameworks */ = {isa = PBXBuildFile; fileRef = 330764B117FF028A00AE0A59 /* UIKit.framework */; };
		330764B517FF028A00AE0A59 /* libTBMultipartyProtocolManager.a in Frameworks */ = {isa = PBXBuildFile; fileRef = 3307649D17FF028A00AE0A59 /* libTBMultipartyProtocolManager.a */; };
		330764BB17FF028A00AE0A59 /* InfoPlist.strings in Resources */ = {isa = PBXBuildFile; fileRef = 330764B917FF028A00AE0A59 /* InfoPlist.strings */; };
		330764BD17FF028A00AE0A59 /* TBMultipartyProtocolManagerTests.m in Sources */ = {isa = PBXBuildFile; fileRef = 330764BC17FF028A00AE0A59 /* TBMultipartyProtocolManagerTests.m */; };
		333D71461802B35E00E245A4 /* NSString+TBMultipartyProtocolManager.m in Sources */ = {isa = PBXBuildFile; fileRef = 333D71451802B35E00E245A4 /* NSString+TBMultipartyProtocolManager.m */; };
		33433CA51805A6460099B1AA /* curve25519-donna.c in Sources */ = {isa = PBXBuildFile; fileRef = 33433C571805A6460099B1AA /* curve25519-donna.c */; };
		33433CA61805BC040099B1AA /* aes.h in CopyFiles */ = {isa = PBXBuildFile; fileRef = 33433C5A1805A6460099B1AA /* aes.h */; };
		33433CA71805BC040099B1AA /* asn1.h in CopyFiles */ = {isa = PBXBuildFile; fileRef = 33433C5B1805A6460099B1AA /* asn1.h */; };
		33433CA81805BC040099B1AA /* asn1_mac.h in CopyFiles */ = {isa = PBXBuildFile; fileRef = 33433C5C1805A6460099B1AA /* asn1_mac.h */; };
		33433CA91805BC040099B1AA /* asn1t.h in CopyFiles */ = {isa = PBXBuildFile; fileRef = 33433C5D1805A6460099B1AA /* asn1t.h */; };
		33433CAA1805BC040099B1AA /* bio.h in CopyFiles */ = {isa = PBXBuildFile; fileRef = 33433C5E1805A6460099B1AA /* bio.h */; };
		33433CAB1805BC040099B1AA /* blowfish.h in CopyFiles */ = {isa = PBXBuildFile; fileRef = 33433C5F1805A6460099B1AA /* blowfish.h */; };
		33433CAC1805BC040099B1AA /* bn.h in CopyFiles */ = {isa = PBXBuildFile; fileRef = 33433C601805A6460099B1AA /* bn.h */; };
		33433CAD1805BC040099B1AA /* buffer.h in CopyFiles */ = {isa = PBXBuildFile; fileRef = 33433C611805A6460099B1AA /* buffer.h */; };
		33433CAE1805BC040099B1AA /* camellia.h in CopyFiles */ = {isa = PBXBuildFile; fileRef = 33433C621805A6460099B1AA /* camellia.h */; };
		33433CAF1805BC040099B1AA /* cast.h in CopyFiles */ = {isa = PBXBuildFile; fileRef = 33433C631805A6460099B1AA /* cast.h */; };
		33433CB01805BC040099B1AA /* cmac.h in CopyFiles */ = {isa = PBXBuildFile; fileRef = 33433C641805A6460099B1AA /* cmac.h */; };
		33433CB11805BC040099B1AA /* cms.h in CopyFiles */ = {isa = PBXBuildFile; fileRef = 33433C651805A6460099B1AA /* cms.h */; };
		33433CB21805BC040099B1AA /* comp.h in CopyFiles */ = {isa = PBXBuildFile; fileRef = 33433C661805A6460099B1AA /* comp.h */; };
		33433CB31805BC040099B1AA /* conf.h in CopyFiles */ = {isa = PBXBuildFile; fileRef = 33433C671805A6460099B1AA /* conf.h */; };
		33433CB41805BC040099B1AA /* conf_api.h in CopyFiles */ = {isa = PBXBuildFile; fileRef = 33433C681805A6460099B1AA /* conf_api.h */; };
		33433CB51805BC040099B1AA /* crypto.h in CopyFiles */ = {isa = PBXBuildFile; fileRef = 33433C691805A6460099B1AA /* crypto.h */; };
		33433CB61805BC040099B1AA /* des.h in CopyFiles */ = {isa = PBXBuildFile; fileRef = 33433C6A1805A6460099B1AA /* des.h */; };
		33433CB71805BC040099B1AA /* des_old.h in CopyFiles */ = {isa = PBXBuildFile; fileRef = 33433C6B1805A6460099B1AA /* des_old.h */; };
		33433CB81805BC040099B1AA /* dh.h in CopyFiles */ = {isa = PBXBuildFile; fileRef = 33433C6C1805A6460099B1AA /* dh.h */; };
		33433CB91805BC040099B1AA /* dsa.h in CopyFiles */ = {isa = PBXBuildFile; fileRef = 33433C6D1805A6460099B1AA /* dsa.h */; };
		33433CBA1805BC040099B1AA /* dso.h in CopyFiles */ = {isa = PBXBuildFile; fileRef = 33433C6E1805A6460099B1AA /* dso.h */; };
		33433CBB1805BC040099B1AA /* dtls1.h in CopyFiles */ = {isa = PBXBuildFile; fileRef = 33433C6F1805A6460099B1AA /* dtls1.h */; };
		33433CBC1805BC040099B1AA /* e_os2.h in CopyFiles */ = {isa = PBXBuildFile; fileRef = 33433C701805A6460099B1AA /* e_os2.h */; };
		33433CBD1805BC040099B1AA /* ebcdic.h in CopyFiles */ = {isa = PBXBuildFile; fileRef = 33433C711805A6460099B1AA /* ebcdic.h */; };
		33433CBE1805BC040099B1AA /* ec.h in CopyFiles */ = {isa = PBXBuildFile; fileRef = 33433C721805A6460099B1AA /* ec.h */; };
		33433CBF1805BC040099B1AA /* ecdh.h in CopyFiles */ = {isa = PBXBuildFile; fileRef = 33433C731805A6460099B1AA /* ecdh.h */; };
		33433CC01805BC040099B1AA /* ecdsa.h in CopyFiles */ = {isa = PBXBuildFile; fileRef = 33433C741805A6460099B1AA /* ecdsa.h */; };
		33433CC11805BC040099B1AA /* engine.h in CopyFiles */ = {isa = PBXBuildFile; fileRef = 33433C751805A6460099B1AA /* engine.h */; };
		33433CC21805BC040099B1AA /* err.h in CopyFiles */ = {isa = PBXBuildFile; fileRef = 33433C761805A6460099B1AA /* err.h */; };
		33433CC31805BC040099B1AA /* evp.h in CopyFiles */ = {isa = PBXBuildFile; fileRef = 33433C771805A6460099B1AA /* evp.h */; };
		33433CC41805BC040099B1AA /* hmac.h in CopyFiles */ = {isa = PBXBuildFile; fileRef = 33433C781805A6460099B1AA /* hmac.h */; };
		33433CC51805BC040099B1AA /* idea.h in CopyFiles */ = {isa = PBXBuildFile; fileRef = 33433C791805A6460099B1AA /* idea.h */; };
		33433CC61805BC040099B1AA /* krb5_asn.h in CopyFiles */ = {isa = PBXBuildFile; fileRef = 33433C7A1805A6460099B1AA /* krb5_asn.h */; };
		33433CC71805BC040099B1AA /* kssl.h in CopyFiles */ = {isa = PBXBuildFile; fileRef = 33433C7B1805A6460099B1AA /* kssl.h */; };
		33433CC81805BC040099B1AA /* lhash.h in CopyFiles */ = {isa = PBXBuildFile; fileRef = 33433C7C1805A6460099B1AA /* lhash.h */; };
		33433CC91805BC040099B1AA /* md4.h in CopyFiles */ = {isa = PBXBuildFile; fileRef = 33433C7D1805A6460099B1AA /* md4.h */; };
		33433CCA1805BC040099B1AA /* md5.h in CopyFiles */ = {isa = PBXBuildFile; fileRef = 33433C7E1805A6460099B1AA /* md5.h */; };
		33433CCB1805BC040099B1AA /* mdc2.h in CopyFiles */ = {isa = PBXBuildFile; fileRef = 33433C7F1805A6460099B1AA /* mdc2.h */; };
		33433CCC1805BC040099B1AA /* modes.h in CopyFiles */ = {isa = PBXBuildFile; fileRef = 33433C801805A6460099B1AA /* modes.h */; };
		33433CCD1805BC040099B1AA /* obj_mac.h in CopyFiles */ = {isa = PBXBuildFile; fileRef = 33433C811805A6460099B1AA /* obj_mac.h */; };
		33433CCE1805BC040099B1AA /* objects.h in CopyFiles */ = {isa = PBXBuildFile; fileRef = 33433C821805A6460099B1AA /* objects.h */; };
		33433CCF1805BC040099B1AA /* ocsp.h in CopyFiles */ = {isa = PBXBuildFile; fileRef = 33433C831805A6460099B1AA /* ocsp.h */; };
		33433CD01805BC040099B1AA /* opensslconf.h in CopyFiles */ = {isa = PBXBuildFile; fileRef = 33433C841805A6460099B1AA /* opensslconf.h */; };
		33433CD11805BC040099B1AA /* opensslv.h in CopyFiles */ = {isa = PBXBuildFile; fileRef = 33433C851805A6460099B1AA /* opensslv.h */; };
		33433CD21805BC040099B1AA /* ossl_typ.h in CopyFiles */ = {isa = PBXBuildFile; fileRef = 33433C861805A6460099B1AA /* ossl_typ.h */; };
		33433CD31805BC040099B1AA /* pem.h in CopyFiles */ = {isa = PBXBuildFile; fileRef = 33433C871805A6460099B1AA /* pem.h */; };
		33433CD41805BC040099B1AA /* pem2.h in CopyFiles */ = {isa = PBXBuildFile; fileRef = 33433C881805A6460099B1AA /* pem2.h */; };
		33433CD51805BC040099B1AA /* pkcs12.h in CopyFiles */ = {isa = PBXBuildFile; fileRef = 33433C891805A6460099B1AA /* pkcs12.h */; };
		33433CD61805BC040099B1AA /* pkcs7.h in CopyFiles */ = {isa = PBXBuildFile; fileRef = 33433C8A1805A6460099B1AA /* pkcs7.h */; };
		33433CD71805BC040099B1AA /* pqueue.h in CopyFiles */ = {isa = PBXBuildFile; fileRef = 33433C8B1805A6460099B1AA /* pqueue.h */; };
		33433CD81805BC040099B1AA /* rand.h in CopyFiles */ = {isa = PBXBuildFile; fileRef = 33433C8C1805A6460099B1AA /* rand.h */; };
		33433CD91805BC040099B1AA /* rc2.h in CopyFiles */ = {isa = PBXBuildFile; fileRef = 33433C8D1805A6460099B1AA /* rc2.h */; };
		33433CDA1805BC040099B1AA /* rc4.h in CopyFiles */ = {isa = PBXBuildFile; fileRef = 33433C8E1805A6460099B1AA /* rc4.h */; };
		33433CDB1805BC040099B1AA /* ripemd.h in CopyFiles */ = {isa = PBXBuildFile; fileRef = 33433C8F1805A6460099B1AA /* ripemd.h */; };
		33433CDC1805BC040099B1AA /* rsa.h in CopyFiles */ = {isa = PBXBuildFile; fileRef = 33433C901805A6460099B1AA /* rsa.h */; };
		33433CDD1805BC040099B1AA /* safestack.h in CopyFiles */ = {isa = PBXBuildFile; fileRef = 33433C911805A6460099B1AA /* safestack.h */; };
		33433CDE1805BC040099B1AA /* seed.h in CopyFiles */ = {isa = PBXBuildFile; fileRef = 33433C921805A6460099B1AA /* seed.h */; };
		33433CDF1805BC040099B1AA /* sha.h in CopyFiles */ = {isa = PBXBuildFile; fileRef = 33433C931805A6460099B1AA /* sha.h */; };
		33433CE01805BC040099B1AA /* srp.h in CopyFiles */ = {isa = PBXBuildFile; fileRef = 33433C941805A6460099B1AA /* srp.h */; };
		33433CE11805BC040099B1AA /* srtp.h in CopyFiles */ = {isa = PBXBuildFile; fileRef = 33433C951805A6460099B1AA /* srtp.h */; };
		33433CE21805BC040099B1AA /* ssl.h in CopyFiles */ = {isa = PBXBuildFile; fileRef = 33433C961805A6460099B1AA /* ssl.h */; };
		33433CE31805BC040099B1AA /* ssl2.h in CopyFiles */ = {isa = PBXBuildFile; fileRef = 33433C971805A6460099B1AA /* ssl2.h */; };
		33433CE41805BC040099B1AA /* ssl23.h in CopyFiles */ = {isa = PBXBuildFile; fileRef = 33433C981805A6460099B1AA /* ssl23.h */; };
		33433CE51805BC040099B1AA /* ssl3.h in CopyFiles */ = {isa = PBXBuildFile; fileRef = 33433C991805A6460099B1AA /* ssl3.h */; };
		33433CE61805BC040099B1AA /* stack.h in CopyFiles */ = {isa = PBXBuildFile; fileRef = 33433C9A1805A6460099B1AA /* stack.h */; };
		33433CE71805BC040099B1AA /* symhacks.h in CopyFiles */ = {isa = PBXBuildFile; fileRef = 33433C9B1805A6460099B1AA /* symhacks.h */; };
		33433CE81805BC040099B1AA /* tls1.h in CopyFiles */ = {isa = PBXBuildFile; fileRef = 33433C9C1805A6460099B1AA /* tls1.h */; };
		33433CE91805BC040099B1AA /* ts.h in CopyFiles */ = {isa = PBXBuildFile; fileRef = 33433C9D1805A6460099B1AA /* ts.h */; };
		33433CEA1805BC040099B1AA /* txt_db.h in CopyFiles */ = {isa = PBXBuildFile; fileRef = 33433C9E1805A6460099B1AA /* txt_db.h */; };
		33433CEB1805BC040099B1AA /* ui.h in CopyFiles */ = {isa = PBXBuildFile; fileRef = 33433C9F1805A6460099B1AA /* ui.h */; };
		33433CEC1805BC040099B1AA /* ui_compat.h in CopyFiles */ = {isa = PBXBuildFile; fileRef = 33433CA01805A6460099B1AA /* ui_compat.h */; };
		33433CED1805BC040099B1AA /* whrlpool.h in CopyFiles */ = {isa = PBXBuildFile; fileRef = 33433CA11805A6460099B1AA /* whrlpool.h */; };
		33433CEE1805BC040099B1AA /* x509.h in CopyFiles */ = {isa = PBXBuildFile; fileRef = 33433CA21805A6460099B1AA /* x509.h */; };
		33433CEF1805BC040099B1AA /* x509_vfy.h in CopyFiles */ = {isa = PBXBuildFile; fileRef = 33433CA31805A6460099B1AA /* x509_vfy.h */; };
		33433CF01805BC040099B1AA /* x509v3.h in CopyFiles */ = {isa = PBXBuildFile; fileRef = 33433CA41805A6460099B1AA /* x509v3.h */; };
		33433DCC1807F3DB0099B1AA /* TBMultipartyChatMessage.m in Sources */ = {isa = PBXBuildFile; fileRef = 33433DCB1807F3DB0099B1AA /* TBMultipartyChatMessage.m */; };
		337BC9C4180B06130037EB9A /* NSData+TBMultipartyProtocolManager.m in Sources */ = {isa = PBXBuildFile; fileRef = 337BC9C3180B06130037EB9A /* NSData+TBMultipartyProtocolManager.m */; };
		33C3651F1811395C003EAF93 /* libcrypto.a in Frameworks */ = {isa = PBXBuildFile; fileRef = 33C3651D1811395C003EAF93 /* libcrypto.a */; };
		33C365201811395C003EAF93 /* libssl.a in Frameworks */ = {isa = PBXBuildFile; fileRef = 33C3651E1811395C003EAF93 /* libssl.a */; };
/* End PBXBuildFile section */

/* Begin PBXContainerItemProxy section */
		330764B317FF028A00AE0A59 /* PBXContainerItemProxy */ = {
			isa = PBXContainerItemProxy;
			containerPortal = 3307649517FF028A00AE0A59 /* Project object */;
			proxyType = 1;
			remoteGlobalIDString = 3307649C17FF028A00AE0A59;
			remoteInfo = TBMultipartyProtocolManager;
		};
/* End PBXContainerItemProxy section */

/* Begin PBXCopyFilesBuildPhase section */
		3307649B17FF028A00AE0A59 /* CopyFiles */ = {
			isa = PBXCopyFilesBuildPhase;
			buildActionMask = 2147483647;
			dstPath = "include/$(PRODUCT_NAME)";
			dstSubfolderSpec = 16;
			files = (
				33433CA61805BC040099B1AA /* aes.h in CopyFiles */,
				33433CA71805BC040099B1AA /* asn1.h in CopyFiles */,
				33433CA81805BC040099B1AA /* asn1_mac.h in CopyFiles */,
				33433CA91805BC040099B1AA /* asn1t.h in CopyFiles */,
				33433CAA1805BC040099B1AA /* bio.h in CopyFiles */,
				33433CAB1805BC040099B1AA /* blowfish.h in CopyFiles */,
				33433CAC1805BC040099B1AA /* bn.h in CopyFiles */,
				33433CAD1805BC040099B1AA /* buffer.h in CopyFiles */,
				33433CAE1805BC040099B1AA /* camellia.h in CopyFiles */,
				33433CAF1805BC040099B1AA /* cast.h in CopyFiles */,
				33433CB01805BC040099B1AA /* cmac.h in CopyFiles */,
				33433CB11805BC040099B1AA /* cms.h in CopyFiles */,
				33433CB21805BC040099B1AA /* comp.h in CopyFiles */,
				33433CB31805BC040099B1AA /* conf.h in CopyFiles */,
				33433CB41805BC040099B1AA /* conf_api.h in CopyFiles */,
				33433CB51805BC040099B1AA /* crypto.h in CopyFiles */,
				33433CB61805BC040099B1AA /* des.h in CopyFiles */,
				33433CB71805BC040099B1AA /* des_old.h in CopyFiles */,
				33433CB81805BC040099B1AA /* dh.h in CopyFiles */,
				33433CB91805BC040099B1AA /* dsa.h in CopyFiles */,
				33433CBA1805BC040099B1AA /* dso.h in CopyFiles */,
				33433CBB1805BC040099B1AA /* dtls1.h in CopyFiles */,
				33433CBC1805BC040099B1AA /* e_os2.h in CopyFiles */,
				33433CBD1805BC040099B1AA /* ebcdic.h in CopyFiles */,
				33433CBE1805BC040099B1AA /* ec.h in CopyFiles */,
				33433CBF1805BC040099B1AA /* ecdh.h in CopyFiles */,
				33433CC01805BC040099B1AA /* ecdsa.h in CopyFiles */,
				33433CC11805BC040099B1AA /* engine.h in CopyFiles */,
				33433CC21805BC040099B1AA /* err.h in CopyFiles */,
				33433CC31805BC040099B1AA /* evp.h in CopyFiles */,
				33433CC41805BC040099B1AA /* hmac.h in CopyFiles */,
				33433CC51805BC040099B1AA /* idea.h in CopyFiles */,
				33433CC61805BC040099B1AA /* krb5_asn.h in CopyFiles */,
				33433CC71805BC040099B1AA /* kssl.h in CopyFiles */,
				33433CC81805BC040099B1AA /* lhash.h in CopyFiles */,
				33433CC91805BC040099B1AA /* md4.h in CopyFiles */,
				33433CCA1805BC040099B1AA /* md5.h in CopyFiles */,
				33433CCB1805BC040099B1AA /* mdc2.h in CopyFiles */,
				33433CCC1805BC040099B1AA /* modes.h in CopyFiles */,
				33433CCD1805BC040099B1AA /* obj_mac.h in CopyFiles */,
				33433CCE1805BC040099B1AA /* objects.h in CopyFiles */,
				33433CCF1805BC040099B1AA /* ocsp.h in CopyFiles */,
				33433CD01805BC040099B1AA /* opensslconf.h in CopyFiles */,
				33433CD11805BC040099B1AA /* opensslv.h in CopyFiles */,
				33433CD21805BC040099B1AA /* ossl_typ.h in CopyFiles */,
				33433CD31805BC040099B1AA /* pem.h in CopyFiles */,
				33433CD41805BC040099B1AA /* pem2.h in CopyFiles */,
				33433CD51805BC040099B1AA /* pkcs12.h in CopyFiles */,
				33433CD61805BC040099B1AA /* pkcs7.h in CopyFiles */,
				33433CD71805BC040099B1AA /* pqueue.h in CopyFiles */,
				33433CD81805BC040099B1AA /* rand.h in CopyFiles */,
				33433CD91805BC040099B1AA /* rc2.h in CopyFiles */,
				33433CDA1805BC040099B1AA /* rc4.h in CopyFiles */,
				33433CDB1805BC040099B1AA /* ripemd.h in CopyFiles */,
				33433CDC1805BC040099B1AA /* rsa.h in CopyFiles */,
				33433CDD1805BC040099B1AA /* safestack.h in CopyFiles */,
				33433CDE1805BC040099B1AA /* seed.h in CopyFiles */,
				33433CDF1805BC040099B1AA /* sha.h in CopyFiles */,
				33433CE01805BC040099B1AA /* srp.h in CopyFiles */,
				33433CE11805BC040099B1AA /* srtp.h in CopyFiles */,
				33433CE21805BC040099B1AA /* ssl.h in CopyFiles */,
				33433CE31805BC040099B1AA /* ssl2.h in CopyFiles */,
				33433CE41805BC040099B1AA /* ssl23.h in CopyFiles */,
				33433CE51805BC040099B1AA /* ssl3.h in CopyFiles */,
				33433CE61805BC040099B1AA /* stack.h in CopyFiles */,
				33433CE71805BC040099B1AA /* symhacks.h in CopyFiles */,
				33433CE81805BC040099B1AA /* tls1.h in CopyFiles */,
				33433CE91805BC040099B1AA /* ts.h in CopyFiles */,
				33433CEA1805BC040099B1AA /* txt_db.h in CopyFiles */,
				33433CEB1805BC040099B1AA /* ui.h in CopyFiles */,
				33433CEC1805BC040099B1AA /* ui_compat.h in CopyFiles */,
				33433CED1805BC040099B1AA /* whrlpool.h in CopyFiles */,
				33433CEE1805BC040099B1AA /* x509.h in CopyFiles */,
				33433CEF1805BC040099B1AA /* x509_vfy.h in CopyFiles */,
				33433CF01805BC040099B1AA /* x509v3.h in CopyFiles */,
				330764A617FF028A00AE0A59 /* TBMultipartyProtocolManager.h in CopyFiles */,
			);
			runOnlyForDeploymentPostprocessing = 0;
		};
/* End PBXCopyFilesBuildPhase section */

/* Begin PBXFileReference section */
		3307649D17FF028A00AE0A59 /* libTBMultipartyProtocolManager.a */ = {isa = PBXFileReference; explicitFileType = archive.ar; includeInIndex = 0; path = libTBMultipartyProtocolManager.a; sourceTree = BUILT_PRODUCTS_DIR; };
		330764A017FF028A00AE0A59 /* Foundation.framework */ = {isa = PBXFileReference; lastKnownFileType = wrapper.framework; name = Foundation.framework; path = System/Library/Frameworks/Foundation.framework; sourceTree = SDKROOT; };
		330764A417FF028A00AE0A59 /* TBMultipartyProtocolManager-Prefix.pch */ = {isa = PBXFileReference; lastKnownFileType = sourcecode.c.h; path = "TBMultipartyProtocolManager-Prefix.pch"; sourceTree = "<group>"; };
		330764A517FF028A00AE0A59 /* TBMultipartyProtocolManager.h */ = {isa = PBXFileReference; lastKnownFileType = sourcecode.c.h; path = TBMultipartyProtocolManager.h; sourceTree = "<group>"; };
		330764A717FF028A00AE0A59 /* TBMultipartyProtocolManager.m */ = {isa = PBXFileReference; lastKnownFileType = sourcecode.c.objc; path = TBMultipartyProtocolManager.m; sourceTree = "<group>"; };
		330764AD17FF028A00AE0A59 /* TBMultipartyProtocolManagerTests.xctest */ = {isa = PBXFileReference; explicitFileType = wrapper.cfbundle; includeInIndex = 0; path = TBMultipartyProtocolManagerTests.xctest; sourceTree = BUILT_PRODUCTS_DIR; };
		330764AE17FF028A00AE0A59 /* XCTest.framework */ = {isa = PBXFileReference; lastKnownFileType = wrapper.framework; name = XCTest.framework; path = Library/Frameworks/XCTest.framework; sourceTree = DEVELOPER_DIR; };
		330764B117FF028A00AE0A59 /* UIKit.framework */ = {isa = PBXFileReference; lastKnownFileType = wrapper.framework; name = UIKit.framework; path = Library/Frameworks/UIKit.framework; sourceTree = DEVELOPER_DIR; };
		330764B817FF028A00AE0A59 /* TBMultipartyProtocolManagerTests-Info.plist */ = {isa = PBXFileReference; lastKnownFileType = text.plist.xml; path = "TBMultipartyProtocolManagerTests-Info.plist"; sourceTree = "<group>"; };
		330764BA17FF028A00AE0A59 /* en */ = {isa = PBXFileReference; lastKnownFileType = text.plist.strings; name = en; path = en.lproj/InfoPlist.strings; sourceTree = "<group>"; };
		330764BC17FF028A00AE0A59 /* TBMultipartyProtocolManagerTests.m */ = {isa = PBXFileReference; lastKnownFileType = sourcecode.c.objc; path = TBMultipartyProtocolManagerTests.m; sourceTree = "<group>"; };
		333D71441802B35E00E245A4 /* NSString+TBMultipartyProtocolManager.h */ = {isa = PBXFileReference; fileEncoding = 4; lastKnownFileType = sourcecode.c.h; path = "NSString+TBMultipartyProtocolManager.h"; sourceTree = "<group>"; };
		333D71451802B35E00E245A4 /* NSString+TBMultipartyProtocolManager.m */ = {isa = PBXFileReference; fileEncoding = 4; lastKnownFileType = sourcecode.c.objc; path = "NSString+TBMultipartyProtocolManager.m"; sourceTree = "<group>"; };
		33433C571805A6460099B1AA /* curve25519-donna.c */ = {isa = PBXFileReference; fileEncoding = 4; lastKnownFileType = sourcecode.c.c; path = "curve25519-donna.c"; sourceTree = "<group>"; };
		33433C581805A6460099B1AA /* curve25519-donna.h */ = {isa = PBXFileReference; fileEncoding = 4; lastKnownFileType = sourcecode.c.h; path = "curve25519-donna.h"; sourceTree = "<group>"; };
		33433C5A1805A6460099B1AA /* aes.h */ = {isa = PBXFileReference; fileEncoding = 4; lastKnownFileType = sourcecode.c.h; path = aes.h; sourceTree = "<group>"; };
		33433C5B1805A6460099B1AA /* asn1.h */ = {isa = PBXFileReference; fileEncoding = 4; lastKnownFileType = sourcecode.c.h; path = asn1.h; sourceTree = "<group>"; };
		33433C5C1805A6460099B1AA /* asn1_mac.h */ = {isa = PBXFileReference; fileEncoding = 4; lastKnownFileType = sourcecode.c.h; path = asn1_mac.h; sourceTree = "<group>"; };
		33433C5D1805A6460099B1AA /* asn1t.h */ = {isa = PBXFileReference; fileEncoding = 4; lastKnownFileType = sourcecode.c.h; path = asn1t.h; sourceTree = "<group>"; };
		33433C5E1805A6460099B1AA /* bio.h */ = {isa = PBXFileReference; fileEncoding = 4; lastKnownFileType = sourcecode.c.h; path = bio.h; sourceTree = "<group>"; };
		33433C5F1805A6460099B1AA /* blowfish.h */ = {isa = PBXFileReference; fileEncoding = 4; lastKnownFileType = sourcecode.c.h; path = blowfish.h; sourceTree = "<group>"; };
		33433C601805A6460099B1AA /* bn.h */ = {isa = PBXFileReference; fileEncoding = 4; lastKnownFileType = sourcecode.c.h; path = bn.h; sourceTree = "<group>"; };
		33433C611805A6460099B1AA /* buffer.h */ = {isa = PBXFileReference; fileEncoding = 4; lastKnownFileType = sourcecode.c.h; path = buffer.h; sourceTree = "<group>"; };
		33433C621805A6460099B1AA /* camellia.h */ = {isa = PBXFileReference; fileEncoding = 4; lastKnownFileType = sourcecode.c.h; path = camellia.h; sourceTree = "<group>"; };
		33433C631805A6460099B1AA /* cast.h */ = {isa = PBXFileReference; fileEncoding = 4; lastKnownFileType = sourcecode.c.h; path = cast.h; sourceTree = "<group>"; };
		33433C641805A6460099B1AA /* cmac.h */ = {isa = PBXFileReference; fileEncoding = 4; lastKnownFileType = sourcecode.c.h; path = cmac.h; sourceTree = "<group>"; };
		33433C651805A6460099B1AA /* cms.h */ = {isa = PBXFileReference; fileEncoding = 4; lastKnownFileType = sourcecode.c.h; path = cms.h; sourceTree = "<group>"; };
		33433C661805A6460099B1AA /* comp.h */ = {isa = PBXFileReference; fileEncoding = 4; lastKnownFileType = sourcecode.c.h; path = comp.h; sourceTree = "<group>"; };
		33433C671805A6460099B1AA /* conf.h */ = {isa = PBXFileReference; fileEncoding = 4; lastKnownFileType = sourcecode.c.h; path = conf.h; sourceTree = "<group>"; };
		33433C681805A6460099B1AA /* conf_api.h */ = {isa = PBXFileReference; fileEncoding = 4; lastKnownFileType = sourcecode.c.h; path = conf_api.h; sourceTree = "<group>"; };
		33433C691805A6460099B1AA /* crypto.h */ = {isa = PBXFileReference; fileEncoding = 4; lastKnownFileType = sourcecode.c.h; path = crypto.h; sourceTree = "<group>"; };
		33433C6A1805A6460099B1AA /* des.h */ = {isa = PBXFileReference; fileEncoding = 4; lastKnownFileType = sourcecode.c.h; path = des.h; sourceTree = "<group>"; };
		33433C6B1805A6460099B1AA /* des_old.h */ = {isa = PBXFileReference; fileEncoding = 4; lastKnownFileType = sourcecode.c.h; path = des_old.h; sourceTree = "<group>"; };
		33433C6C1805A6460099B1AA /* dh.h */ = {isa = PBXFileReference; fileEncoding = 4; lastKnownFileType = sourcecode.c.h; path = dh.h; sourceTree = "<group>"; };
		33433C6D1805A6460099B1AA /* dsa.h */ = {isa = PBXFileReference; fileEncoding = 4; lastKnownFileType = sourcecode.c.h; path = dsa.h; sourceTree = "<group>"; };
		33433C6E1805A6460099B1AA /* dso.h */ = {isa = PBXFileReference; fileEncoding = 4; lastKnownFileType = sourcecode.c.h; path = dso.h; sourceTree = "<group>"; };
		33433C6F1805A6460099B1AA /* dtls1.h */ = {isa = PBXFileReference; fileEncoding = 4; lastKnownFileType = sourcecode.c.h; path = dtls1.h; sourceTree = "<group>"; };
		33433C701805A6460099B1AA /* e_os2.h */ = {isa = PBXFileReference; fileEncoding = 4; lastKnownFileType = sourcecode.c.h; path = e_os2.h; sourceTree = "<group>"; };
		33433C711805A6460099B1AA /* ebcdic.h */ = {isa = PBXFileReference; fileEncoding = 4; lastKnownFileType = sourcecode.c.h; path = ebcdic.h; sourceTree = "<group>"; };
		33433C721805A6460099B1AA /* ec.h */ = {isa = PBXFileReference; fileEncoding = 4; lastKnownFileType = sourcecode.c.h; path = ec.h; sourceTree = "<group>"; };
		33433C731805A6460099B1AA /* ecdh.h */ = {isa = PBXFileReference; fileEncoding = 4; lastKnownFileType = sourcecode.c.h; path = ecdh.h; sourceTree = "<group>"; };
		33433C741805A6460099B1AA /* ecdsa.h */ = {isa = PBXFileReference; fileEncoding = 4; lastKnownFileType = sourcecode.c.h; path = ecdsa.h; sourceTree = "<group>"; };
		33433C751805A6460099B1AA /* engine.h */ = {isa = PBXFileReference; fileEncoding = 4; lastKnownFileType = sourcecode.c.h; path = engine.h; sourceTree = "<group>"; };
		33433C761805A6460099B1AA /* err.h */ = {isa = PBXFileReference; fileEncoding = 4; lastKnownFileType = sourcecode.c.h; path = err.h; sourceTree = "<group>"; };
		33433C771805A6460099B1AA /* evp.h */ = {isa = PBXFileReference; fileEncoding = 4; lastKnownFileType = sourcecode.c.h; path = evp.h; sourceTree = "<group>"; };
		33433C781805A6460099B1AA /* hmac.h */ = {isa = PBXFileReference; fileEncoding = 4; lastKnownFileType = sourcecode.c.h; path = hmac.h; sourceTree = "<group>"; };
		33433C791805A6460099B1AA /* idea.h */ = {isa = PBXFileReference; fileEncoding = 4; lastKnownFileType = sourcecode.c.h; path = idea.h; sourceTree = "<group>"; };
		33433C7A1805A6460099B1AA /* krb5_asn.h */ = {isa = PBXFileReference; fileEncoding = 4; lastKnownFileType = sourcecode.c.h; path = krb5_asn.h; sourceTree = "<group>"; };
		33433C7B1805A6460099B1AA /* kssl.h */ = {isa = PBXFileReference; fileEncoding = 4; lastKnownFileType = sourcecode.c.h; path = kssl.h; sourceTree = "<group>"; };
		33433C7C1805A6460099B1AA /* lhash.h */ = {isa = PBXFileReference; fileEncoding = 4; lastKnownFileType = sourcecode.c.h; path = lhash.h; sourceTree = "<group>"; };
		33433C7D1805A6460099B1AA /* md4.h */ = {isa = PBXFileReference; fileEncoding = 4; lastKnownFileType = sourcecode.c.h; path = md4.h; sourceTree = "<group>"; };
		33433C7E1805A6460099B1AA /* md5.h */ = {isa = PBXFileReference; fileEncoding = 4; lastKnownFileType = sourcecode.c.h; path = md5.h; sourceTree = "<group>"; };
		33433C7F1805A6460099B1AA /* mdc2.h */ = {isa = PBXFileReference; fileEncoding = 4; lastKnownFileType = sourcecode.c.h; path = mdc2.h; sourceTree = "<group>"; };
		33433C801805A6460099B1AA /* modes.h */ = {isa = PBXFileReference; fileEncoding = 4; lastKnownFileType = sourcecode.c.h; path = modes.h; sourceTree = "<group>"; };
		33433C811805A6460099B1AA /* obj_mac.h */ = {isa = PBXFileReference; fileEncoding = 4; lastKnownFileType = sourcecode.c.h; path = obj_mac.h; sourceTree = "<group>"; };
		33433C821805A6460099B1AA /* objects.h */ = {isa = PBXFileReference; fileEncoding = 4; lastKnownFileType = sourcecode.c.h; path = objects.h; sourceTree = "<group>"; };
		33433C831805A6460099B1AA /* ocsp.h */ = {isa = PBXFileReference; fileEncoding = 4; lastKnownFileType = sourcecode.c.h; path = ocsp.h; sourceTree = "<group>"; };
		33433C841805A6460099B1AA /* opensslconf.h */ = {isa = PBXFileReference; fileEncoding = 4; lastKnownFileType = sourcecode.c.h; path = opensslconf.h; sourceTree = "<group>"; };
		33433C851805A6460099B1AA /* opensslv.h */ = {isa = PBXFileReference; fileEncoding = 4; lastKnownFileType = sourcecode.c.h; path = opensslv.h; sourceTree = "<group>"; };
		33433C861805A6460099B1AA /* ossl_typ.h */ = {isa = PBXFileReference; fileEncoding = 4; lastKnownFileType = sourcecode.c.h; path = ossl_typ.h; sourceTree = "<group>"; };
		33433C871805A6460099B1AA /* pem.h */ = {isa = PBXFileReference; fileEncoding = 4; lastKnownFileType = sourcecode.c.h; path = pem.h; sourceTree = "<group>"; };
		33433C881805A6460099B1AA /* pem2.h */ = {isa = PBXFileReference; fileEncoding = 4; lastKnownFileType = sourcecode.c.h; path = pem2.h; sourceTree = "<group>"; };
		33433C891805A6460099B1AA /* pkcs12.h */ = {isa = PBXFileReference; fileEncoding = 4; lastKnownFileType = sourcecode.c.h; path = pkcs12.h; sourceTree = "<group>"; };
		33433C8A1805A6460099B1AA /* pkcs7.h */ = {isa = PBXFileReference; fileEncoding = 4; lastKnownFileType = sourcecode.c.h; path = pkcs7.h; sourceTree = "<group>"; };
		33433C8B1805A6460099B1AA /* pqueue.h */ = {isa = PBXFileReference; fileEncoding = 4; lastKnownFileType = sourcecode.c.h; path = pqueue.h; sourceTree = "<group>"; };
		33433C8C1805A6460099B1AA /* rand.h */ = {isa = PBXFileReference; fileEncoding = 4; lastKnownFileType = sourcecode.c.h; path = rand.h; sourceTree = "<group>"; };
		33433C8D1805A6460099B1AA /* rc2.h */ = {isa = PBXFileReference; fileEncoding = 4; lastKnownFileType = sourcecode.c.h; path = rc2.h; sourceTree = "<group>"; };
		33433C8E1805A6460099B1AA /* rc4.h */ = {isa = PBXFileReference; fileEncoding = 4; lastKnownFileType = sourcecode.c.h; path = rc4.h; sourceTree = "<group>"; };
		33433C8F1805A6460099B1AA /* ripemd.h */ = {isa = PBXFileReference; fileEncoding = 4; lastKnownFileType = sourcecode.c.h; path = ripemd.h; sourceTree = "<group>"; };
		33433C901805A6460099B1AA /* rsa.h */ = {isa = PBXFileReference; fileEncoding = 4; lastKnownFileType = sourcecode.c.h; path = rsa.h; sourceTree = "<group>"; };
		33433C911805A6460099B1AA /* safestack.h */ = {isa = PBXFileReference; fileEncoding = 4; lastKnownFileType = sourcecode.c.h; path = safestack.h; sourceTree = "<group>"; };
		33433C921805A6460099B1AA /* seed.h */ = {isa = PBXFileReference; fileEncoding = 4; lastKnownFileType = sourcecode.c.h; path = seed.h; sourceTree = "<group>"; };
		33433C931805A6460099B1AA /* sha.h */ = {isa = PBXFileReference; fileEncoding = 4; lastKnownFileType = sourcecode.c.h; path = sha.h; sourceTree = "<group>"; };
		33433C941805A6460099B1AA /* srp.h */ = {isa = PBXFileReference; fileEncoding = 4; lastKnownFileType = sourcecode.c.h; path = srp.h; sourceTree = "<group>"; };
		33433C951805A6460099B1AA /* srtp.h */ = {isa = PBXFileReference; fileEncoding = 4; lastKnownFileType = sourcecode.c.h; path = srtp.h; sourceTree = "<group>"; };
		33433C961805A6460099B1AA /* ssl.h */ = {isa = PBXFileReference; fileEncoding = 4; lastKnownFileType = sourcecode.c.h; path = ssl.h; sourceTree = "<group>"; };
		33433C971805A6460099B1AA /* ssl2.h */ = {isa = PBXFileReference; fileEncoding = 4; lastKnownFileType = sourcecode.c.h; path = ssl2.h; sourceTree = "<group>"; };
		33433C981805A6460099B1AA /* ssl23.h */ = {isa = PBXFileReference; fileEncoding = 4; lastKnownFileType = sourcecode.c.h; path = ssl23.h; sourceTree = "<group>"; };
		33433C991805A6460099B1AA /* ssl3.h */ = {isa = PBXFileReference; fileEncoding = 4; lastKnownFileType = sourcecode.c.h; path = ssl3.h; sourceTree = "<group>"; };
		33433C9A1805A6460099B1AA /* stack.h */ = {isa = PBXFileReference; fileEncoding = 4; lastKnownFileType = sourcecode.c.h; path = stack.h; sourceTree = "<group>"; };
		33433C9B1805A6460099B1AA /* symhacks.h */ = {isa = PBXFileReference; fileEncoding = 4; lastKnownFileType = sourcecode.c.h; path = symhacks.h; sourceTree = "<group>"; };
		33433C9C1805A6460099B1AA /* tls1.h */ = {isa = PBXFileReference; fileEncoding = 4; lastKnownFileType = sourcecode.c.h; path = tls1.h; sourceTree = "<group>"; };
		33433C9D1805A6460099B1AA /* ts.h */ = {isa = PBXFileReference; fileEncoding = 4; lastKnownFileType = sourcecode.c.h; path = ts.h; sourceTree = "<group>"; };
		33433C9E1805A6460099B1AA /* txt_db.h */ = {isa = PBXFileReference; fileEncoding = 4; lastKnownFileType = sourcecode.c.h; path = txt_db.h; sourceTree = "<group>"; };
		33433C9F1805A6460099B1AA /* ui.h */ = {isa = PBXFileReference; fileEncoding = 4; lastKnownFileType = sourcecode.c.h; path = ui.h; sourceTree = "<group>"; };
		33433CA01805A6460099B1AA /* ui_compat.h */ = {isa = PBXFileReference; fileEncoding = 4; lastKnownFileType = sourcecode.c.h; path = ui_compat.h; sourceTree = "<group>"; };
		33433CA11805A6460099B1AA /* whrlpool.h */ = {isa = PBXFileReference; fileEncoding = 4; lastKnownFileType = sourcecode.c.h; path = whrlpool.h; sourceTree = "<group>"; };
		33433CA21805A6460099B1AA /* x509.h */ = {isa = PBXFileReference; fileEncoding = 4; lastKnownFileType = sourcecode.c.h; path = x509.h; sourceTree = "<group>"; };
		33433CA31805A6460099B1AA /* x509_vfy.h */ = {isa = PBXFileReference; fileEncoding = 4; lastKnownFileType = sourcecode.c.h; path = x509_vfy.h; sourceTree = "<group>"; };
		33433CA41805A6460099B1AA /* x509v3.h */ = {isa = PBXFileReference; fileEncoding = 4; lastKnownFileType = sourcecode.c.h; path = x509v3.h; sourceTree = "<group>"; };
		33433DCA1807F3DB0099B1AA /* TBMultipartyChatMessage.h */ = {isa = PBXFileReference; fileEncoding = 4; lastKnownFileType = sourcecode.c.h; path = TBMultipartyChatMessage.h; sourceTree = "<group>"; };
		33433DCB1807F3DB0099B1AA /* TBMultipartyChatMessage.m */ = {isa = PBXFileReference; fileEncoding = 4; lastKnownFileType = sourcecode.c.objc; path = TBMultipartyChatMessage.m; sourceTree = "<group>"; };
		337BC9C2180B06130037EB9A /* NSData+TBMultipartyProtocolManager.h */ = {isa = PBXFileReference; fileEncoding = 4; lastKnownFileType = sourcecode.c.h; path = "NSData+TBMultipartyProtocolManager.h"; sourceTree = "<group>"; };
		337BC9C3180B06130037EB9A /* NSData+TBMultipartyProtocolManager.m */ = {isa = PBXFileReference; fileEncoding = 4; lastKnownFileType = sourcecode.c.objc; path = "NSData+TBMultipartyProtocolManager.m"; sourceTree = "<group>"; };
		33C3651D1811395C003EAF93 /* libcrypto.a */ = {isa = PBXFileReference; lastKnownFileType = archive.ar; name = libcrypto.a; path = dependencies/lib/libcrypto.a; sourceTree = "<group>"; };
		33C3651E1811395C003EAF93 /* libssl.a */ = {isa = PBXFileReference; lastKnownFileType = archive.ar; name = libssl.a; path = dependencies/lib/libssl.a; sourceTree = "<group>"; };
/* End PBXFileReference section */

/* Begin PBXFrameworksBuildPhase section */
		3307649A17FF028A00AE0A59 /* Frameworks */ = {
			isa = PBXFrameworksBuildPhase;
			buildActionMask = 2147483647;
			files = (
				33C3651F1811395C003EAF93 /* libcrypto.a in Frameworks */,
				330764A117FF028A00AE0A59 /* Foundation.framework in Frameworks */,
				33C365201811395C003EAF93 /* libssl.a in Frameworks */,
			);
			runOnlyForDeploymentPostprocessing = 0;
		};
		330764AA17FF028A00AE0A59 /* Frameworks */ = {
			isa = PBXFrameworksBuildPhase;
			buildActionMask = 2147483647;
			files = (
				330764B517FF028A00AE0A59 /* libTBMultipartyProtocolManager.a in Frameworks */,
				330764AF17FF028A00AE0A59 /* XCTest.framework in Frameworks */,
				330764B217FF028A00AE0A59 /* UIKit.framework in Frameworks */,
				330764B017FF028A00AE0A59 /* Foundation.framework in Frameworks */,
			);
			runOnlyForDeploymentPostprocessing = 0;
		};
/* End PBXFrameworksBuildPhase section */

/* Begin PBXGroup section */
		3307649417FF028A00AE0A59 = {
			isa = PBXGroup;
			children = (
				330764A217FF028A00AE0A59 /* TBMultipartyProtocolManager */,
				330764B617FF028A00AE0A59 /* TBMultipartyProtocolManagerTests */,
				3307649F17FF028A00AE0A59 /* Frameworks */,
				3307649E17FF028A00AE0A59 /* Products */,
			);
			sourceTree = "<group>";
		};
		3307649E17FF028A00AE0A59 /* Products */ = {
			isa = PBXGroup;
			children = (
				3307649D17FF028A00AE0A59 /* libTBMultipartyProtocolManager.a */,
				330764AD17FF028A00AE0A59 /* TBMultipartyProtocolManagerTests.xctest */,
			);
			name = Products;
			sourceTree = "<group>";
		};
		3307649F17FF028A00AE0A59 /* Frameworks */ = {
			isa = PBXGroup;
			children = (
				330764A017FF028A00AE0A59 /* Foundation.framework */,
				330764AE17FF028A00AE0A59 /* XCTest.framework */,
				330764B117FF028A00AE0A59 /* UIKit.framework */,
			);
			name = Frameworks;
			sourceTree = "<group>";
		};
		330764A217FF028A00AE0A59 /* TBMultipartyProtocolManager */ = {
			isa = PBXGroup;
			children = (
				33433DC61807F33A0099B1AA /* models */,
				333D71431802B34100E245A4 /* categories */,
				330764C617FF042D00AE0A59 /* dependencies */,
				330764A517FF028A00AE0A59 /* TBMultipartyProtocolManager.h */,
				330764A717FF028A00AE0A59 /* TBMultipartyProtocolManager.m */,
				330764A317FF028A00AE0A59 /* Supporting Files */,
			);
			path = TBMultipartyProtocolManager;
			sourceTree = "<group>";
		};
		330764A317FF028A00AE0A59 /* Supporting Files */ = {
			isa = PBXGroup;
			children = (
				330764A417FF028A00AE0A59 /* TBMultipartyProtocolManager-Prefix.pch */,
			);
			name = "Supporting Files";
			sourceTree = "<group>";
		};
		330764B617FF028A00AE0A59 /* TBMultipartyProtocolManagerTests */ = {
			isa = PBXGroup;
			children = (
				330764BC17FF028A00AE0A59 /* TBMultipartyProtocolManagerTests.m */,
				330764B717FF028A00AE0A59 /* Supporting Files */,
			);
			path = TBMultipartyProtocolManagerTests;
			sourceTree = "<group>";
		};
		330764B717FF028A00AE0A59 /* Supporting Files */ = {
			isa = PBXGroup;
			children = (
				330764B817FF028A00AE0A59 /* TBMultipartyProtocolManagerTests-Info.plist */,
				330764B917FF028A00AE0A59 /* InfoPlist.strings */,
			);
			name = "Supporting Files";
			sourceTree = "<group>";
		};
		330764C617FF042D00AE0A59 /* dependencies */ = {
			isa = PBXGroup;
			children = (
				33433C511805A6160099B1AA /* lib */,
				330764C717FF043600AE0A59 /* include */,
			);
			name = dependencies;
			sourceTree = "<group>";
		};
		330764C717FF043600AE0A59 /* include */ = {
			isa = PBXGroup;
			children = (
				33433C561805A6460099B1AA /* curve25519 */,
				33433C591805A6460099B1AA /* openssl */,
			);
			name = include;
			sourceTree = "<group>";
		};
		333D71431802B34100E245A4 /* categories */ = {
			isa = PBXGroup;
			children = (
				333D71441802B35E00E245A4 /* NSString+TBMultipartyProtocolManager.h */,
				333D71451802B35E00E245A4 /* NSString+TBMultipartyProtocolManager.m */,
				337BC9C2180B06130037EB9A /* NSData+TBMultipartyProtocolManager.h */,
				337BC9C3180B06130037EB9A /* NSData+TBMultipartyProtocolManager.m */,
			);
			name = categories;
			sourceTree = "<group>";
		};
		33433C511805A6160099B1AA /* lib */ = {
			isa = PBXGroup;
			children = (
				33C3651D1811395C003EAF93 /* libcrypto.a */,
				33C3651E1811395C003EAF93 /* libssl.a */,
			);
			name = lib;
			sourceTree = "<group>";
		};
		33433C561805A6460099B1AA /* curve25519 */ = {
			isa = PBXGroup;
			children = (
				33433C571805A6460099B1AA /* curve25519-donna.c */,
				33433C581805A6460099B1AA /* curve25519-donna.h */,
			);
			name = curve25519;
			path = dependencies/include/curve25519;
			sourceTree = "<group>";
		};
		33433C591805A6460099B1AA /* openssl */ = {
			isa = PBXGroup;
			children = (
				33433C5A1805A6460099B1AA /* aes.h */,
				33433C5B1805A6460099B1AA /* asn1.h */,
				33433C5C1805A6460099B1AA /* asn1_mac.h */,
				33433C5D1805A6460099B1AA /* asn1t.h */,
				33433C5E1805A6460099B1AA /* bio.h */,
				33433C5F1805A6460099B1AA /* blowfish.h */,
				33433C601805A6460099B1AA /* bn.h */,
				33433C611805A6460099B1AA /* buffer.h */,
				33433C621805A6460099B1AA /* camellia.h */,
				33433C631805A6460099B1AA /* cast.h */,
				33433C641805A6460099B1AA /* cmac.h */,
				33433C651805A6460099B1AA /* cms.h */,
				33433C661805A6460099B1AA /* comp.h */,
				33433C671805A6460099B1AA /* conf.h */,
				33433C681805A6460099B1AA /* conf_api.h */,
				33433C691805A6460099B1AA /* crypto.h */,
				33433C6A1805A6460099B1AA /* des.h */,
				33433C6B1805A6460099B1AA /* des_old.h */,
				33433C6C1805A6460099B1AA /* dh.h */,
				33433C6D1805A6460099B1AA /* dsa.h */,
				33433C6E1805A6460099B1AA /* dso.h */,
				33433C6F1805A6460099B1AA /* dtls1.h */,
				33433C701805A6460099B1AA /* e_os2.h */,
				33433C711805A6460099B1AA /* ebcdic.h */,
				33433C721805A6460099B1AA /* ec.h */,
				33433C731805A6460099B1AA /* ecdh.h */,
				33433C741805A6460099B1AA /* ecdsa.h */,
				33433C751805A6460099B1AA /* engine.h */,
				33433C761805A6460099B1AA /* err.h */,
				33433C771805A6460099B1AA /* evp.h */,
				33433C781805A6460099B1AA /* hmac.h */,
				33433C791805A6460099B1AA /* idea.h */,
				33433C7A1805A6460099B1AA /* krb5_asn.h */,
				33433C7B1805A6460099B1AA /* kssl.h */,
				33433C7C1805A6460099B1AA /* lhash.h */,
				33433C7D1805A6460099B1AA /* md4.h */,
				33433C7E1805A6460099B1AA /* md5.h */,
				33433C7F1805A6460099B1AA /* mdc2.h */,
				33433C801805A6460099B1AA /* modes.h */,
				33433C811805A6460099B1AA /* obj_mac.h */,
				33433C821805A6460099B1AA /* objects.h */,
				33433C831805A6460099B1AA /* ocsp.h */,
				33433C841805A6460099B1AA /* opensslconf.h */,
				33433C851805A6460099B1AA /* opensslv.h */,
				33433C861805A6460099B1AA /* ossl_typ.h */,
				33433C871805A6460099B1AA /* pem.h */,
				33433C881805A6460099B1AA /* pem2.h */,
				33433C891805A6460099B1AA /* pkcs12.h */,
				33433C8A1805A6460099B1AA /* pkcs7.h */,
				33433C8B1805A6460099B1AA /* pqueue.h */,
				33433C8C1805A6460099B1AA /* rand.h */,
				33433C8D1805A6460099B1AA /* rc2.h */,
				33433C8E1805A6460099B1AA /* rc4.h */,
				33433C8F1805A6460099B1AA /* ripemd.h */,
				33433C901805A6460099B1AA /* rsa.h */,
				33433C911805A6460099B1AA /* safestack.h */,
				33433C921805A6460099B1AA /* seed.h */,
				33433C931805A6460099B1AA /* sha.h */,
				33433C941805A6460099B1AA /* srp.h */,
				33433C951805A6460099B1AA /* srtp.h */,
				33433C961805A6460099B1AA /* ssl.h */,
				33433C971805A6460099B1AA /* ssl2.h */,
				33433C981805A6460099B1AA /* ssl23.h */,
				33433C991805A6460099B1AA /* ssl3.h */,
				33433C9A1805A6460099B1AA /* stack.h */,
				33433C9B1805A6460099B1AA /* symhacks.h */,
				33433C9C1805A6460099B1AA /* tls1.h */,
				33433C9D1805A6460099B1AA /* ts.h */,
				33433C9E1805A6460099B1AA /* txt_db.h */,
				33433C9F1805A6460099B1AA /* ui.h */,
				33433CA01805A6460099B1AA /* ui_compat.h */,
				33433CA11805A6460099B1AA /* whrlpool.h */,
				33433CA21805A6460099B1AA /* x509.h */,
				33433CA31805A6460099B1AA /* x509_vfy.h */,
				33433CA41805A6460099B1AA /* x509v3.h */,
			);
			name = openssl;
			path = dependencies/include/openssl;
			sourceTree = "<group>";
		};
		33433DC61807F33A0099B1AA /* models */ = {
			isa = PBXGroup;
			children = (
				33433DCA1807F3DB0099B1AA /* TBMultipartyChatMessage.h */,
				33433DCB1807F3DB0099B1AA /* TBMultipartyChatMessage.m */,
			);
			name = models;
			sourceTree = "<group>";
		};
/* End PBXGroup section */

/* Begin PBXNativeTarget section */
		3307649C17FF028A00AE0A59 /* TBMultipartyProtocolManager */ = {
			isa = PBXNativeTarget;
			buildConfigurationList = 330764C017FF028A00AE0A59 /* Build configuration list for PBXNativeTarget "TBMultipartyProtocolManager" */;
			buildPhases = (
				3307649917FF028A00AE0A59 /* Sources */,
				3307649A17FF028A00AE0A59 /* Frameworks */,
				3307649B17FF028A00AE0A59 /* CopyFiles */,
			);
			buildRules = (
			);
			dependencies = (
			);
			name = TBMultipartyProtocolManager;
			productName = TBMultipartyProtocolManager;
			productReference = 3307649D17FF028A00AE0A59 /* libTBMultipartyProtocolManager.a */;
			productType = "com.apple.product-type.library.static";
		};
		330764AC17FF028A00AE0A59 /* TBMultipartyProtocolManagerTests */ = {
			isa = PBXNativeTarget;
			buildConfigurationList = 330764C317FF028A00AE0A59 /* Build configuration list for PBXNativeTarget "TBMultipartyProtocolManagerTests" */;
			buildPhases = (
				330764A917FF028A00AE0A59 /* Sources */,
				330764AA17FF028A00AE0A59 /* Frameworks */,
				330764AB17FF028A00AE0A59 /* Resources */,
			);
			buildRules = (
			);
			dependencies = (
				330764B417FF028A00AE0A59 /* PBXTargetDependency */,
			);
			name = TBMultipartyProtocolManagerTests;
			productName = TBMultipartyProtocolManagerTests;
			productReference = 330764AD17FF028A00AE0A59 /* TBMultipartyProtocolManagerTests.xctest */;
			productType = "com.apple.product-type.bundle.unit-test";
		};
/* End PBXNativeTarget section */

/* Begin PBXProject section */
		3307649517FF028A00AE0A59 /* Project object */ = {
			isa = PBXProject;
			attributes = {
				LastUpgradeCheck = 0500;
				ORGANIZATIONNAME = "Thomas Balthazar";
			};
			buildConfigurationList = 3307649817FF028A00AE0A59 /* Build configuration list for PBXProject "TBMultipartyProtocolManager" */;
			compatibilityVersion = "Xcode 3.2";
			developmentRegion = English;
			hasScannedForEncodings = 0;
			knownRegions = (
				en,
			);
			mainGroup = 3307649417FF028A00AE0A59;
			productRefGroup = 3307649E17FF028A00AE0A59 /* Products */;
			projectDirPath = "";
			projectRoot = "";
			targets = (
				3307649C17FF028A00AE0A59 /* TBMultipartyProtocolManager */,
				330764AC17FF028A00AE0A59 /* TBMultipartyProtocolManagerTests */,
			);
		};
/* End PBXProject section */

/* Begin PBXResourcesBuildPhase section */
		330764AB17FF028A00AE0A59 /* Resources */ = {
			isa = PBXResourcesBuildPhase;
			buildActionMask = 2147483647;
			files = (
				330764BB17FF028A00AE0A59 /* InfoPlist.strings in Resources */,
			);
			runOnlyForDeploymentPostprocessing = 0;
		};
/* End PBXResourcesBuildPhase section */

/* Begin PBXSourcesBuildPhase section */
		3307649917FF028A00AE0A59 /* Sources */ = {
			isa = PBXSourcesBuildPhase;
			buildActionMask = 2147483647;
			files = (
				330764A817FF028A00AE0A59 /* TBMultipartyProtocolManager.m in Sources */,
				333D71461802B35E00E245A4 /* NSString+TBMultipartyProtocolManager.m in Sources */,
				33433DCC1807F3DB0099B1AA /* TBMultipartyChatMessage.m in Sources */,
				337BC9C4180B06130037EB9A /* NSData+TBMultipartyProtocolManager.m in Sources */,
			);
			runOnlyForDeploymentPostprocessing = 0;
		};
		330764A917FF028A00AE0A59 /* Sources */ = {
			isa = PBXSourcesBuildPhase;
			buildActionMask = 2147483647;
			files = (
				330764BD17FF028A00AE0A59 /* TBMultipartyProtocolManagerTests.m in Sources */,
				33433CA51805A6460099B1AA /* curve25519-donna.c in Sources */,
			);
			runOnlyForDeploymentPostprocessing = 0;
		};
/* End PBXSourcesBuildPhase section */

/* Begin PBXTargetDependency section */
		330764B417FF028A00AE0A59 /* PBXTargetDependency */ = {
			isa = PBXTargetDependency;
			target = 3307649C17FF028A00AE0A59 /* TBMultipartyProtocolManager */;
			targetProxy = 330764B317FF028A00AE0A59 /* PBXContainerItemProxy */;
		};
/* End PBXTargetDependency section */

/* Begin PBXVariantGroup section */
		330764B917FF028A00AE0A59 /* InfoPlist.strings */ = {
			isa = PBXVariantGroup;
			children = (
				330764BA17FF028A00AE0A59 /* en */,
			);
			name = InfoPlist.strings;
			sourceTree = "<group>";
		};
/* End PBXVariantGroup section */

/* Begin XCBuildConfiguration section */
		330764BE17FF028A00AE0A59 /* Debug */ = {
			isa = XCBuildConfiguration;
			buildSettings = {
				ALWAYS_SEARCH_USER_PATHS = NO;
				ARCHS = "$(ARCHS_STANDARD_INCLUDING_64_BIT)";
				CLANG_CXX_LANGUAGE_STANDARD = "gnu++0x";
				CLANG_CXX_LIBRARY = "libc++";
				CLANG_ENABLE_MODULES = YES;
				CLANG_ENABLE_OBJC_ARC = YES;
				CLANG_WARN_BOOL_CONVERSION = YES;
				CLANG_WARN_CONSTANT_CONVERSION = YES;
				CLANG_WARN_DIRECT_OBJC_ISA_USAGE = YES_ERROR;
				CLANG_WARN_EMPTY_BODY = YES;
				CLANG_WARN_ENUM_CONVERSION = YES;
				CLANG_WARN_INT_CONVERSION = YES;
				CLANG_WARN_OBJC_ROOT_CLASS = YES_ERROR;
				CLANG_WARN__DUPLICATE_METHOD_MATCH = YES;
				COPY_PHASE_STRIP = NO;
				GCC_C_LANGUAGE_STANDARD = gnu99;
				GCC_DYNAMIC_NO_PIC = NO;
				GCC_OPTIMIZATION_LEVEL = 0;
				GCC_PREPROCESSOR_DEFINITIONS = (
					"DEBUG=1",
					"$(inherited)",
				);
				GCC_SYMBOLS_PRIVATE_EXTERN = NO;
				GCC_WARN_64_TO_32_BIT_CONVERSION = YES;
				GCC_WARN_ABOUT_RETURN_TYPE = YES_ERROR;
				GCC_WARN_UNDECLARED_SELECTOR = YES;
				GCC_WARN_UNINITIALIZED_AUTOS = YES;
				GCC_WARN_UNUSED_FUNCTION = YES;
				GCC_WARN_UNUSED_VARIABLE = YES;
				HEADER_SEARCH_PATHS = (
					"$(inherited)",
					/Applications/Xcode.app/Contents/Developer/Toolchains/XcodeDefault.xctoolchain/usr/include,
					"\"$(SRCROOT)/TBMultipartyProtocolManager/dependencies/include\"/**",
				);
				IPHONEOS_DEPLOYMENT_TARGET = 7.0;
				LIBRARY_SEARCH_PATHS = "\"$(SRCROOT)/TBMultipartyProtocolManager/dependencies/lib\"";
				ONLY_ACTIVE_ARCH = YES;
				SDKROOT = iphoneos;
			};
			name = Debug;
		};
		330764BF17FF028A00AE0A59 /* Release */ = {
			isa = XCBuildConfiguration;
			buildSettings = {
				ALWAYS_SEARCH_USER_PATHS = NO;
				ARCHS = "$(ARCHS_STANDARD_INCLUDING_64_BIT)";
				CLANG_CXX_LANGUAGE_STANDARD = "gnu++0x";
				CLANG_CXX_LIBRARY = "libc++";
				CLANG_ENABLE_MODULES = YES;
				CLANG_ENABLE_OBJC_ARC = YES;
				CLANG_WARN_BOOL_CONVERSION = YES;
				CLANG_WARN_CONSTANT_CONVERSION = YES;
				CLANG_WARN_DIRECT_OBJC_ISA_USAGE = YES_ERROR;
				CLANG_WARN_EMPTY_BODY = YES;
				CLANG_WARN_ENUM_CONVERSION = YES;
				CLANG_WARN_INT_CONVERSION = YES;
				CLANG_WARN_OBJC_ROOT_CLASS = YES_ERROR;
				CLANG_WARN__DUPLICATE_METHOD_MATCH = YES;
				COPY_PHASE_STRIP = YES;
				ENABLE_NS_ASSERTIONS = NO;
				GCC_C_LANGUAGE_STANDARD = gnu99;
				GCC_WARN_64_TO_32_BIT_CONVERSION = YES;
				GCC_WARN_ABOUT_RETURN_TYPE = YES_ERROR;
				GCC_WARN_UNDECLARED_SELECTOR = YES;
				GCC_WARN_UNINITIALIZED_AUTOS = YES;
				GCC_WARN_UNUSED_FUNCTION = YES;
				GCC_WARN_UNUSED_VARIABLE = YES;
				HEADER_SEARCH_PATHS = (
					"$(inherited)",
					/Applications/Xcode.app/Contents/Developer/Toolchains/XcodeDefault.xctoolchain/usr/include,
					"\"$(SRCROOT)/TBMultipartyProtocolManager/dependencies/include\"/**",
				);
				IPHONEOS_DEPLOYMENT_TARGET = 7.0;
				LIBRARY_SEARCH_PATHS = "\"$(SRCROOT)/TBMultipartyProtocolManager/dependencies/lib\"";
				SDKROOT = iphoneos;
				VALIDATE_PRODUCT = YES;
			};
			name = Release;
		};
		330764C117FF028A00AE0A59 /* Debug */ = {
			isa = XCBuildConfiguration;
			buildSettings = {
				DSTROOT = /tmp/TBMultipartyProtocolManager.dst;
				GCC_PRECOMPILE_PREFIX_HEADER = YES;
				GCC_PREFIX_HEADER = "TBMultipartyProtocolManager/TBMultipartyProtocolManager-Prefix.pch";
				LIBRARY_SEARCH_PATHS = (
					"$(inherited)",
					/Users/tba/Documents/dev/code/Cryptocat/TBMultipartyProtocolManager/TBMultipartyProtocolManager,
					/Users/tba/Documents/dev/code/Cryptocat/TBMultipartyProtocolManager/TBMultipartyProtocolManager/dependencies/lib,
				);
				OTHER_LDFLAGS = "-ObjC";
				PRODUCT_NAME = "$(TARGET_NAME)";
				SKIP_INSTALL = YES;
			};
			name = Debug;
		};
		330764C217FF028A00AE0A59 /* Release */ = {
			isa = XCBuildConfiguration;
			buildSettings = {
				DSTROOT = /tmp/TBMultipartyProtocolManager.dst;
				GCC_PRECOMPILE_PREFIX_HEADER = YES;
				GCC_PREFIX_HEADER = "TBMultipartyProtocolManager/TBMultipartyProtocolManager-Prefix.pch";
				LIBRARY_SEARCH_PATHS = (
					"$(inherited)",
					/Users/tba/Documents/dev/code/Cryptocat/TBMultipartyProtocolManager/TBMultipartyProtocolManager,
					/Users/tba/Documents/dev/code/Cryptocat/TBMultipartyProtocolManager/TBMultipartyProtocolManager/dependencies/lib,
				);
				OTHER_LDFLAGS = "-ObjC";
				PRODUCT_NAME = "$(TARGET_NAME)";
				SKIP_INSTALL = YES;
			};
			name = Release;
		};
		330764C417FF028A00AE0A59 /* Debug */ = {
			isa = XCBuildConfiguration;
			buildSettings = {
				ARCHS = "$(ARCHS_STANDARD_INCLUDING_64_BIT)";
				FRAMEWORK_SEARCH_PATHS = (
					"$(SDKROOT)/Developer/Library/Frameworks",
					"$(inherited)",
					"$(DEVELOPER_FRAMEWORKS_DIR)",
				);
				GCC_PRECOMPILE_PREFIX_HEADER = YES;
				GCC_PREFIX_HEADER = "TBMultipartyProtocolManager/TBMultipartyProtocolManager-Prefix.pch";
				GCC_PREPROCESSOR_DEFINITIONS = (
					"DEBUG=1",
					"$(inherited)",
				);
				INFOPLIST_FILE = "TBMultipartyProtocolManagerTests/TBMultipartyProtocolManagerTests-Info.plist";
				PRODUCT_NAME = "$(TARGET_NAME)";
				WRAPPER_EXTENSION = xctest;
			};
			name = Debug;
		};
		330764C517FF028A00AE0A59 /* Release */ = {
			isa = XCBuildConfiguration;
			buildSettings = {
				ARCHS = "$(ARCHS_STANDARD_INCLUDING_64_BIT)";
				FRAMEWORK_SEARCH_PATHS = (
					"$(SDKROOT)/Developer/Library/Frameworks",
					"$(inherited)",
					"$(DEVELOPER_FRAMEWORKS_DIR)",
				);
				GCC_PRECOMPILE_PREFIX_HEADER = YES;
				GCC_PREFIX_HEADER = "TBMultipartyProtocolManager/TBMultipartyProtocolManager-Prefix.pch";
				INFOPLIST_FILE = "TBMultipartyProtocolManagerTests/TBMultipartyProtocolManagerTests-Info.plist";
				PRODUCT_NAME = "$(TARGET_NAME)";
				WRAPPER_EXTENSION = xctest;
			};
			name = Release;
		};
/* End XCBuildConfiguration section */

/* Begin XCConfigurationList section */
		3307649817FF028A00AE0A59 /* Build configuration list for PBXProject "TBMultipartyProtocolManager" */ = {
			isa = XCConfigurationList;
			buildConfigurations = (
				330764BE17FF028A00AE0A59 /* Debug */,
				330764BF17FF028A00AE0A59 /* Release */,
			);
			defaultConfigurationIsVisible = 0;
			defaultConfigurationName = Release;
		};
		330764C017FF028A00AE0A59 /* Build configuration list for PBXNativeTarget "TBMultipartyProtocolManager" */ = {
			isa = XCConfigurationList;
			buildConfigurations = (
				330764C117FF028A00AE0A59 /* Debug */,
				330764C217FF028A00AE0A59 /* Release */,
			);
			defaultConfigurationIsVisible = 0;
			defaultConfigurationName = Release;
		};
		330764C317FF028A00AE0A59 /* Build configuration list for PBXNativeTarget "TBMultipartyProtocolManagerTests" */ = {
			isa = XCConfigurationList;
			buildConfigurations = (
				330764C417FF028A00AE0A59 /* Debug */,
				330764C517FF028A00AE0A59 /* Release */,
			);
			defaultConfigurationIsVisible = 0;
			defaultConfigurationName = Release;
		};
/* End XCConfigurationList section */
	};
	rootObject = 3307649517FF028A00AE0A59 /* Project object */;
}
